// !$*UTF8*$!
{
	archiveVersion = 1;
	classes = {
	};
	objectVersion = 46;
	objects = {

/* Begin PBXBuildFile section */
		0958546E19E7C90500238001 /* TcpService.swift in Sources */ = {isa = PBXBuildFile; fileRef = 0958546D19E7C90500238001 /* TcpService.swift */; };
		09B1460919A50D7C0081E036 /* main.swift in Sources */ = {isa = PBXBuildFile; fileRef = 09B1460819A50D7C0081E036 /* main.swift */; };
		09B1460B19A50D7C0081E036 /* ViewController.swift in Sources */ = {isa = PBXBuildFile; fileRef = 09B1460A19A50D7C0081E036 /* ViewController.swift */; };
		09B1460D19A50D7C0081E036 /* AppDelegate.swift in Sources */ = {isa = PBXBuildFile; fileRef = 09B1460C19A50D7C0081E036 /* AppDelegate.swift */; };
		09B1460F19A50D7D0081E036 /* Images.xcassets in Resources */ = {isa = PBXBuildFile; fileRef = 09B1460E19A50D7D0081E036 /* Images.xcassets */; };
		09B1461219A50D7D0081E036 /* Main.storyboard in Resources */ = {isa = PBXBuildFile; fileRef = 09B1461019A50D7D0081E036 /* Main.storyboard */; };
		09B1461E19A50D7D0081E036 /* TCP_ToolTests.swift in Sources */ = {isa = PBXBuildFile; fileRef = 09B1461D19A50D7D0081E036 /* TCP_ToolTests.swift */; };
/* End PBXBuildFile section */

/* Begin PBXContainerItemProxy section */
		09B1461819A50D7D0081E036 /* PBXContainerItemProxy */ = {
			isa = PBXContainerItemProxy;
			containerPortal = 09B145FB19A50D7C0081E036 /* Project object */;
			proxyType = 1;
			remoteGlobalIDString = 09B1460219A50D7C0081E036;
			remoteInfo = "TCP Tool";
		};
/* End PBXContainerItemProxy section */

/* Begin PBXFileReference section */
		0958546D19E7C90500238001 /* TcpService.swift */ = {isa = PBXFileReference; fileEncoding = 4; lastKnownFileType = sourcecode.swift; path = TcpService.swift; sourceTree = "<group>"; };
		0979CD1119ACDBA40071B7B0 /* TCP Tool-Bridging-Header.h */ = {isa = PBXFileReference; lastKnownFileType = sourcecode.c.h; path = "TCP Tool-Bridging-Header.h"; sourceTree = "<group>"; };
		09B1460319A50D7C0081E036 /* TCP Tool.app */ = {isa = PBXFileReference; explicitFileType = wrapper.application; includeInIndex = 0; path = "TCP Tool.app"; sourceTree = BUILT_PRODUCTS_DIR; };
		09B1460719A50D7C0081E036 /* Info.plist */ = {isa = PBXFileReference; lastKnownFileType = text.plist.xml; path = Info.plist; sourceTree = "<group>"; };
		09B1460819A50D7C0081E036 /* main.swift */ = {isa = PBXFileReference; lastKnownFileType = sourcecode.swift; path = main.swift; sourceTree = "<group>"; };
		09B1460A19A50D7C0081E036 /* ViewController.swift */ = {isa = PBXFileReference; lastKnownFileType = sourcecode.swift; path = ViewController.swift; sourceTree = "<group>"; };
		09B1460C19A50D7C0081E036 /* AppDelegate.swift */ = {isa = PBXFileReference; lastKnownFileType = sourcecode.swift; path = AppDelegate.swift; sourceTree = "<group>"; };
		09B1460E19A50D7D0081E036 /* Images.xcassets */ = {isa = PBXFileReference; lastKnownFileType = folder.assetcatalog; path = Images.xcassets; sourceTree = "<group>"; };
		09B1461119A50D7D0081E036 /* Base */ = {isa = PBXFileReference; lastKnownFileType = file.storyboard; name = Base; path = Base.lproj/Main.storyboard; sourceTree = "<group>"; };
		09B1461719A50D7D0081E036 /* TCP ToolTests.xctest */ = {isa = PBXFileReference; explicitFileType = wrapper.cfbundle; includeInIndex = 0; path = "TCP ToolTests.xctest"; sourceTree = BUILT_PRODUCTS_DIR; };
		09B1461C19A50D7D0081E036 /* Info.plist */ = {isa = PBXFileReference; lastKnownFileType = text.plist.xml; path = Info.plist; sourceTree = "<group>"; };
		09B1461D19A50D7D0081E036 /* TCP_ToolTests.swift */ = {isa = PBXFileReference; lastKnownFileType = sourcecode.swift; path = TCP_ToolTests.swift; sourceTree = "<group>"; };
/* End PBXFileReference section */

/* Begin PBXFrameworksBuildPhase section */
		09B1460019A50D7C0081E036 /* Frameworks */ = {
			isa = PBXFrameworksBuildPhase;
			buildActionMask = 2147483647;
			files = (
			);
			runOnlyForDeploymentPostprocessing = 0;
		};
		09B1461419A50D7D0081E036 /* Frameworks */ = {
			isa = PBXFrameworksBuildPhase;
			buildActionMask = 2147483647;
			files = (
			);
			runOnlyForDeploymentPostprocessing = 0;
		};
/* End PBXFrameworksBuildPhase section */

/* Begin PBXGroup section */
		09B145FA19A50D7C0081E036 = {
			isa = PBXGroup;
			children = (
				09B1460519A50D7C0081E036 /* TCP Tool */,
				09B1461A19A50D7D0081E036 /* TCP ToolTests */,
				09B1460419A50D7C0081E036 /* Products */,
			);
			sourceTree = "<group>";
		};
		09B1460419A50D7C0081E036 /* Products */ = {
			isa = PBXGroup;
			children = (
				09B1460319A50D7C0081E036 /* TCP Tool.app */,
				09B1461719A50D7D0081E036 /* TCP ToolTests.xctest */,
			);
			name = Products;
			sourceTree = "<group>";
		};
		09B1460519A50D7C0081E036 /* TCP Tool */ = {
			isa = PBXGroup;
			children = (
				09B1460A19A50D7C0081E036 /* ViewController.swift */,
				09B1460C19A50D7C0081E036 /* AppDelegate.swift */,
				09B1460E19A50D7D0081E036 /* Images.xcassets */,
				09B1461019A50D7D0081E036 /* Main.storyboard */,
				09B1460619A50D7C0081E036 /* Supporting Files */,
				0979CD1119ACDBA40071B7B0 /* TCP Tool-Bridging-Header.h */,
				0958546D19E7C90500238001 /* TcpService.swift */,
			);
			path = "TCP Tool";
			sourceTree = "<group>";
		};
		09B1460619A50D7C0081E036 /* Supporting Files */ = {
			isa = PBXGroup;
			children = (
				09B1460719A50D7C0081E036 /* Info.plist */,
				09B1460819A50D7C0081E036 /* main.swift */,
			);
			name = "Supporting Files";
			sourceTree = "<group>";
		};
		09B1461A19A50D7D0081E036 /* TCP ToolTests */ = {
			isa = PBXGroup;
			children = (
				09B1461D19A50D7D0081E036 /* TCP_ToolTests.swift */,
				09B1461B19A50D7D0081E036 /* Supporting Files */,
			);
			path = "TCP ToolTests";
			sourceTree = "<group>";
		};
		09B1461B19A50D7D0081E036 /* Supporting Files */ = {
			isa = PBXGroup;
			children = (
				09B1461C19A50D7D0081E036 /* Info.plist */,
			);
			name = "Supporting Files";
			sourceTree = "<group>";
		};
/* End PBXGroup section */

/* Begin PBXNativeTarget section */
		09B1460219A50D7C0081E036 /* TCP Tool */ = {
			isa = PBXNativeTarget;
			buildConfigurationList = 09B1462119A50D7D0081E036 /* Build configuration list for PBXNativeTarget "TCP Tool" */;
			buildPhases = (
				09B145FF19A50D7C0081E036 /* Sources */,
				09B1460019A50D7C0081E036 /* Frameworks */,
				09B1460119A50D7C0081E036 /* Resources */,
			);
			buildRules = (
			);
			dependencies = (
			);
			name = "TCP Tool";
			productName = "TCP Tool";
			productReference = 09B1460319A50D7C0081E036 /* TCP Tool.app */;
			productType = "com.apple.product-type.application";
		};
		09B1461619A50D7D0081E036 /* TCP ToolTests */ = {
			isa = PBXNativeTarget;
			buildConfigurationList = 09B1462419A50D7D0081E036 /* Build configuration list for PBXNativeTarget "TCP ToolTests" */;
			buildPhases = (
				09B1461319A50D7D0081E036 /* Sources */,
				09B1461419A50D7D0081E036 /* Frameworks */,
				09B1461519A50D7D0081E036 /* Resources */,
			);
			buildRules = (
			);
			dependencies = (
				09B1461919A50D7D0081E036 /* PBXTargetDependency */,
			);
			name = "TCP ToolTests";
			productName = "TCP ToolTests";
			productReference = 09B1461719A50D7D0081E036 /* TCP ToolTests.xctest */;
			productType = "com.apple.product-type.bundle.unit-test";
		};
/* End PBXNativeTarget section */

/* Begin PBXProject section */
		09B145FB19A50D7C0081E036 /* Project object */ = {
			isa = PBXProject;
			attributes = {
				LastUpgradeCheck = 0600;
				ORGANIZATIONNAME = "Mads Gadeberg Jensen";
				TargetAttributes = {
					09B1460219A50D7C0081E036 = {
						CreatedOnToolsVersion = 6.0;
					};
					09B1461619A50D7D0081E036 = {
						CreatedOnToolsVersion = 6.0;
						TestTargetID = 09B1460219A50D7C0081E036;
					};
				};
			};
			buildConfigurationList = 09B145FE19A50D7C0081E036 /* Build configuration list for PBXProject "TCP Tool" */;
			compatibilityVersion = "Xcode 3.2";
			developmentRegion = English;
			hasScannedForEncodings = 0;
			knownRegions = (
				en,
				Base,
			);
			mainGroup = 09B145FA19A50D7C0081E036;
			productRefGroup = 09B1460419A50D7C0081E036 /* Products */;
			projectDirPath = "";
			projectRoot = "";
			targets = (
				09B1460219A50D7C0081E036 /* TCP Tool */,
				09B1461619A50D7D0081E036 /* TCP ToolTests */,
			);
		};
/* End PBXProject section */

/* Begin PBXResourcesBuildPhase section */
		09B1460119A50D7C0081E036 /* Resources */ = {
			isa = PBXResourcesBuildPhase;
			buildActionMask = 2147483647;
			files = (
				09B1460F19A50D7D0081E036 /* Images.xcassets in Resources */,
				09B1461219A50D7D0081E036 /* Main.storyboard in Resources */,
			);
			runOnlyForDeploymentPostprocessing = 0;
		};
		09B1461519A50D7D0081E036 /* Resources */ = {
			isa = PBXResourcesBuildPhase;
			buildActionMask = 2147483647;
			files = (
			);
			runOnlyForDeploymentPostprocessing = 0;
		};
/* End PBXResourcesBuildPhase section */

/* Begin PBXSourcesBuildPhase section */
		09B145FF19A50D7C0081E036 /* Sources */ = {
			isa = PBXSourcesBuildPhase;
			buildActionMask = 2147483647;
			files = (
				09B1460D19A50D7C0081E036 /* AppDelegate.swift in Sources */,
				09B1460B19A50D7C0081E036 /* ViewController.swift in Sources */,
				09B1460919A50D7C0081E036 /* main.swift in Sources */,
				0958546E19E7C90500238001 /* TcpService.swift in Sources */,
			);
			runOnlyForDeploymentPostprocessing = 0;
		};
		09B1461319A50D7D0081E036 /* Sources */ = {
			isa = PBXSourcesBuildPhase;
			buildActionMask = 2147483647;
			files = (
				09B1461E19A50D7D0081E036 /* TCP_ToolTests.swift in Sources */,
			);
			runOnlyForDeploymentPostprocessing = 0;
		};
/* End PBXSourcesBuildPhase section */

/* Begin PBXTargetDependency section */
		09B1461919A50D7D0081E036 /* PBXTargetDependency */ = {
			isa = PBXTargetDependency;
			target = 09B1460219A50D7C0081E036 /* TCP Tool */;
			targetProxy = 09B1461819A50D7D0081E036 /* PBXContainerItemProxy */;
		};
/* End PBXTargetDependency section */

/* Begin PBXVariantGroup section */
		09B1461019A50D7D0081E036 /* Main.storyboard */ = {
			isa = PBXVariantGroup;
			children = (
				09B1461119A50D7D0081E036 /* Base */,
			);
			name = Main.storyboard;
			sourceTree = "<group>";
		};
/* End PBXVariantGroup section */

/* Begin XCBuildConfiguration section */
		09B1461F19A50D7D0081E036 /* Debug */ = {
			isa = XCBuildConfiguration;
			buildSettings = {
				ALWAYS_SEARCH_USER_PATHS = NO;
				CLANG_CXX_LANGUAGE_STANDARD = "gnu++0x";
				CLANG_CXX_LIBRARY = "libc++";
				CLANG_ENABLE_MODULES = YES;
				CLANG_ENABLE_OBJC_ARC = YES;
				CLANG_WARN_BOOL_CONVERSION = YES;
				CLANG_WARN_CONSTANT_CONVERSION = YES;
				CLANG_WARN_DIRECT_OBJC_ISA_USAGE = YES_ERROR;
				CLANG_WARN_EMPTY_BODY = YES;
				CLANG_WARN_ENUM_CONVERSION = YES;
				CLANG_WARN_INT_CONVERSION = YES;
				CLANG_WARN_OBJC_ROOT_CLASS = YES_ERROR;
				CLANG_WARN_UNREACHABLE_CODE = YES;
				CLANG_WARN__DUPLICATE_METHOD_MATCH = YES;
				CODE_SIGN_IDENTITY = "-";
				COPY_PHASE_STRIP = NO;
				ENABLE_STRICT_OBJC_MSGSEND = YES;
				GCC_C_LANGUAGE_STANDARD = gnu99;
				GCC_DYNAMIC_NO_PIC = NO;
				GCC_OPTIMIZATION_LEVEL = 0;
				GCC_PREPROCESSOR_DEFINITIONS = (
					"DEBUG=1",
					"$(inherited)",
				);
				GCC_SYMBOLS_PRIVATE_EXTERN = NO;
				GCC_WARN_64_TO_32_BIT_CONVERSION = YES;
				GCC_WARN_ABOUT_RETURN_TYPE = YES_ERROR;
				GCC_WARN_UNDECLARED_SELECTOR = YES;
				GCC_WARN_UNINITIALIZED_AUTOS = YES_AGGRESSIVE;
				GCC_WARN_UNUSED_FUNCTION = YES;
				GCC_WARN_UNUSED_VARIABLE = YES;
				MACOSX_DEPLOYMENT_TARGET = 10.10;
				MTL_ENABLE_DEBUG_INFO = YES;
				ONLY_ACTIVE_ARCH = YES;
				SDKROOT = macosx;
				SWIFT_OPTIMIZATION_LEVEL = "-Onone";
			};
			name = Debug;
		};
		09B1462019A50D7D0081E036 /* Release */ = {
			isa = XCBuildConfiguration;
			buildSettings = {
				ALWAYS_SEARCH_USER_PATHS = NO;
				CLANG_CXX_LANGUAGE_STANDARD = "gnu++0x";
				CLANG_CXX_LIBRARY = "libc++";
				CLANG_ENABLE_MODULES = YES;
				CLANG_ENABLE_OBJC_ARC = YES;
				CLANG_WARN_BOOL_CONVERSION = YES;
				CLANG_WARN_CONSTANT_CONVERSION = YES;
				CLANG_WARN_DIRECT_OBJC_ISA_USAGE = YES_ERROR;
				CLANG_WARN_EMPTY_BODY = YES;
				CLANG_WARN_ENUM_CONVERSION = YES;
				CLANG_WARN_INT_CONVERSION = YES;
				CLANG_WARN_OBJC_ROOT_CLASS = YES_ERROR;
				CLANG_WARN_UNREACHABLE_CODE = YES;
				CLANG_WARN__DUPLICATE_METHOD_MATCH = YES;
				CODE_SIGN_IDENTITY = "-";
				COPY_PHASE_STRIP = YES;
				DEBUG_INFORMATION_FORMAT = "dwarf-with-dsym";
				ENABLE_NS_ASSERTIONS = NO;
				ENABLE_STRICT_OBJC_MSGSEND = YES;
				GCC_C_LANGUAGE_STANDARD = gnu99;
				GCC_WARN_64_TO_32_BIT_CONVERSION = YES;
				GCC_WARN_ABOUT_RETURN_TYPE = YES_ERROR;
				GCC_WARN_UNDECLARED_SELECTOR = YES;
				GCC_WARN_UNINITIALIZED_AUTOS = YES_AGGRESSIVE;
				GCC_WARN_UNUSED_FUNCTION = YES;
				GCC_WARN_UNUSED_VARIABLE = YES;
				MACOSX_DEPLOYMENT_TARGET = 10.10;
				MTL_ENABLE_DEBUG_INFO = NO;
				SDKROOT = macosx;
			};
			name = Release;
		};
		09B1462219A50D7D0081E036 /* Debug */ = {
			isa = XCBuildConfiguration;
			buildSettings = {
				ASSETCATALOG_COMPILER_APPICON_NAME = AppIcon;
				CLANG_ENABLE_MODULES = YES;
				COMBINE_HIDPI_IMAGES = YES;
				INFOPLIST_FILE = "TCP Tool/Info.plist";
				LD_RUNPATH_SEARCH_PATHS = "$(inherited) @executable_path/../Frameworks";
				PRODUCT_NAME = "$(TARGET_NAME)";
				SWIFT_OBJC_BRIDGING_HEADER = "TCP Tool/TCP Tool-Bridging-Header.h";
				SWIFT_OPTIMIZATION_LEVEL = "-Onone";
			};
			name = Debug;
		};
		09B1462319A50D7D0081E036 /* Release */ = {
			isa = XCBuildConfiguration;
			buildSettings = {
				ASSETCATALOG_COMPILER_APPICON_NAME = AppIcon;
				CLANG_ENABLE_MODULES = YES;
				COMBINE_HIDPI_IMAGES = YES;
				INFOPLIST_FILE = "TCP Tool/Info.plist";
				LD_RUNPATH_SEARCH_PATHS = "$(inherited) @executable_path/../Frameworks";
				PRODUCT_NAME = "$(TARGET_NAME)";
				SWIFT_OBJC_BRIDGING_HEADER = "TCP Tool/TCP Tool-Bridging-Header.h";
			};
			name = Release;
		};
		09B1462519A50D7D0081E036 /* Debug */ = {
			isa = XCBuildConfiguration;
			buildSettings = {
				BUNDLE_LOADER = "$(TEST_HOST)";
				COMBINE_HIDPI_IMAGES = YES;
				FRAMEWORK_SEARCH_PATHS = (
					"$(DEVELOPER_FRAMEWORKS_DIR)",
					"$(inherited)",
				);
				GCC_PREPROCESSOR_DEFINITIONS = (
					"DEBUG=1",
					"$(inherited)",
				);
				INFOPLIST_FILE = "TCP ToolTests/Info.plist";
				LD_RUNPATH_SEARCH_PATHS = "$(inherited) @executable_path/../Frameworks @loader_path/../Frameworks";
				PRODUCT_NAME = "$(TARGET_NAME)";
				TEST_HOST = "$(BUILT_PRODUCTS_DIR)/TCP Tool.app/Contents/MacOS/TCP Tool";
			};
			name = Debug;
		};
		09B1462619A50D7D0081E036 /* Release */ = {
			isa = XCBuildConfiguration;
			buildSettings = {
				BUNDLE_LOADER = "$(TEST_HOST)";
				COMBINE_HIDPI_IMAGES = YES;
				FRAMEWORK_SEARCH_PATHS = (
					"$(DEVELOPER_FRAMEWORKS_DIR)",
					"$(inherited)",
				);
				INFOPLIST_FILE = "TCP ToolTests/Info.plist";
				LD_RUNPATH_SEARCH_PATHS = "$(inherited) @executable_path/../Frameworks @loader_path/../Frameworks";
				PRODUCT_NAME = "$(TARGET_NAME)";
				TEST_HOST = "$(BUILT_PRODUCTS_DIR)/TCP Tool.app/Contents/MacOS/TCP Tool";
			};
			name = Release;
		};
/* End XCBuildConfiguration section */

/* Begin XCConfigurationList section */
		09B145FE19A50D7C0081E036 /* Build configuration list for PBXProject "TCP Tool" */ = {
			isa = XCConfigurationList;
			buildConfigurations = (
				09B1461F19A50D7D0081E036 /* Debug */,
				09B1462019A50D7D0081E036 /* Release */,
			);
			defaultConfigurationIsVisible = 0;
			defaultConfigurationName = Release;
		};
		09B1462119A50D7D0081E036 /* Build configuration list for PBXNativeTarget "TCP Tool" */ = {
			isa = XCConfigurationList;
			buildConfigurations = (
				09B1462219A50D7D0081E036 /* Debug */,
				09B1462319A50D7D0081E036 /* Release */,
			);
			defaultConfigurationIsVisible = 0;
			defaultConfigurationName = Release;
		};
		09B1462419A50D7D0081E036 /* Build configuration list for PBXNativeTarget "TCP ToolTests" */ = {
			isa = XCConfigurationList;
			buildConfigurations = (
				09B1462519A50D7D0081E036 /* Debug */,
				09B1462619A50D7D0081E036 /* Release */,
			);
			defaultConfigurationIsVisible = 0;
			defaultConfigurationName = Release;
		};
/* End XCConfigurationList section */
	};
	rootObject = 09B145FB19A50D7C0081E036 /* Project object */;
}
